// !$*UTF8*$!
{
	archiveVersion = 1;
	classes = {
	};
	objectVersion = 46;
	objects = {

/* Begin PBXBuildFile section */
		AD0903CC1AE6607F0078713B /* AppDelegate.swift in Sources */ = {isa = PBXBuildFile; fileRef = AD0903CB1AE6607F0078713B /* AppDelegate.swift */; };
		AD0903CE1AE6607F0078713B /* ViewController.swift in Sources */ = {isa = PBXBuildFile; fileRef = AD0903CD1AE6607F0078713B /* ViewController.swift */; };
		AD0903D31AE6607F0078713B /* Main.storyboard in Resources */ = {isa = PBXBuildFile; fileRef = AD0903D11AE6607F0078713B /* Main.storyboard */; };
		AD0903DF1AE6607F0078713B /* HybridModelGeneratorTests.swift in Sources */ = {isa = PBXBuildFile; fileRef = AD0903DE1AE6607F0078713B /* HybridModelGeneratorTests.swift */; };
		AD0903EA1AE7B2250078713B /* HybridModelGeneratorEngine.swift in Sources */ = {isa = PBXBuildFile; fileRef = AD0903E91AE7B2250078713B /* HybridModelGeneratorEngine.swift */; };
		AD1780031AE9CAF600A09CA0 /* HybridModelOctaveMCodeLibrary.swift in Sources */ = {isa = PBXBuildFile; fileRef = AD1780021AE9CAF600A09CA0 /* HybridModelOctaveMCodeLibrary.swift */; };
		AD32EF811AF2582900E4C433 /* HybridModelReactionModel.swift in Sources */ = {isa = PBXBuildFile; fileRef = AD32EF801AF2582900E4C433 /* HybridModelReactionModel.swift */; };
		AD3E54881AE8251D00C12998 /* HybridModelNaturalLanguageParser.swift in Sources */ = {isa = PBXBuildFile; fileRef = AD3E54871AE8251D00C12998 /* HybridModelNaturalLanguageParser.swift */; };
		AD3E548A1AE8254000C12998 /* HybridModelContext.swift in Sources */ = {isa = PBXBuildFile; fileRef = AD3E54891AE8254000C12998 /* HybridModelContext.swift */; };
		AD7695FF1B0D00020042CF58 /* VLEMScanner.swift in Sources */ = {isa = PBXBuildFile; fileRef = AD7695FE1B0D00010042CF58 /* VLEMScanner.swift */; };
		AD7696011B0D07D70042CF58 /* VLEMScannerTest.swift in Sources */ = {isa = PBXBuildFile; fileRef = AD7696001B0D07D70042CF58 /* VLEMScannerTest.swift */; };
		AD7696021B0D09E20042CF58 /* VLEMScanner.swift in Sources */ = {isa = PBXBuildFile; fileRef = AD7695FE1B0D00010042CF58 /* VLEMScanner.swift */; };
		AD7696041B0D11710042CF58 /* VLEMSentenceParseTree.swift in Sources */ = {isa = PBXBuildFile; fileRef = AD7696031B0D11710042CF58 /* VLEMSentenceParseTree.swift */; };
		AD7696051B0D11710042CF58 /* VLEMSentenceParseTree.swift in Sources */ = {isa = PBXBuildFile; fileRef = AD7696031B0D11710042CF58 /* VLEMSentenceParseTree.swift */; };
		ADC2FA091AF6C848004C1C8A /* Images.xcassets in Resources */ = {isa = PBXBuildFile; fileRef = ADC2FA081AF6C848004C1C8A /* Images.xcassets */; };
		ADD8D4641AEC301A00F60815 /* HybridStateModel.swift in Sources */ = {isa = PBXBuildFile; fileRef = ADD8D4631AEC301A00F60815 /* HybridStateModel.swift */; };
		ADEFD5191AFEF365006583DD /* HybridModelJuliaCodeLibrary.swift in Sources */ = {isa = PBXBuildFile; fileRef = ADEFD5181AFEF365006583DD /* HybridModelJuliaCodeLibrary.swift */; };
/* End PBXBuildFile section */

/* Begin PBXContainerItemProxy section */
		AD0903D91AE6607F0078713B /* PBXContainerItemProxy */ = {
			isa = PBXContainerItemProxy;
			containerPortal = AD0903BE1AE6607F0078713B /* Project object */;
			proxyType = 1;
			remoteGlobalIDString = AD0903C51AE6607F0078713B;
			remoteInfo = HybridModelGenerator;
		};
/* End PBXContainerItemProxy section */

/* Begin PBXFileReference section */
		AD0903C61AE6607F0078713B /* HybridModelGenerator.app */ = {isa = PBXFileReference; explicitFileType = wrapper.application; includeInIndex = 0; path = HybridModelGenerator.app; sourceTree = BUILT_PRODUCTS_DIR; };
		AD0903CA1AE6607F0078713B /* Info.plist */ = {isa = PBXFileReference; lastKnownFileType = text.plist.xml; path = Info.plist; sourceTree = "<group>"; };
		AD0903CB1AE6607F0078713B /* AppDelegate.swift */ = {isa = PBXFileReference; lastKnownFileType = sourcecode.swift; path = AppDelegate.swift; sourceTree = "<group>"; };
		AD0903CD1AE6607F0078713B /* ViewController.swift */ = {isa = PBXFileReference; lastKnownFileType = sourcecode.swift; path = ViewController.swift; sourceTree = "<group>"; };
		AD0903D21AE6607F0078713B /* Base */ = {isa = PBXFileReference; lastKnownFileType = file.storyboard; name = Base; path = Base.lproj/Main.storyboard; sourceTree = "<group>"; };
		AD0903D81AE6607F0078713B /* HybridModelGeneratorTests.xctest */ = {isa = PBXFileReference; explicitFileType = wrapper.cfbundle; includeInIndex = 0; path = HybridModelGeneratorTests.xctest; sourceTree = BUILT_PRODUCTS_DIR; };
		AD0903DD1AE6607F0078713B /* Info.plist */ = {isa = PBXFileReference; lastKnownFileType = text.plist.xml; path = Info.plist; sourceTree = "<group>"; };
		AD0903DE1AE6607F0078713B /* HybridModelGeneratorTests.swift */ = {isa = PBXFileReference; lastKnownFileType = sourcecode.swift; path = HybridModelGeneratorTests.swift; sourceTree = "<group>"; };
		AD0903E91AE7B2250078713B /* HybridModelGeneratorEngine.swift */ = {isa = PBXFileReference; fileEncoding = 4; lastKnownFileType = sourcecode.swift; path = HybridModelGeneratorEngine.swift; sourceTree = "<group>"; };
		AD1780021AE9CAF600A09CA0 /* HybridModelOctaveMCodeLibrary.swift */ = {isa = PBXFileReference; fileEncoding = 4; lastKnownFileType = sourcecode.swift; path = HybridModelOctaveMCodeLibrary.swift; sourceTree = "<group>"; };
		AD32EF801AF2582900E4C433 /* HybridModelReactionModel.swift */ = {isa = PBXFileReference; fileEncoding = 4; lastKnownFileType = sourcecode.swift; path = HybridModelReactionModel.swift; sourceTree = "<group>"; };
		AD3E54871AE8251D00C12998 /* HybridModelNaturalLanguageParser.swift */ = {isa = PBXFileReference; fileEncoding = 4; lastKnownFileType = sourcecode.swift; path = HybridModelNaturalLanguageParser.swift; sourceTree = "<group>"; };
		AD3E54891AE8254000C12998 /* HybridModelContext.swift */ = {isa = PBXFileReference; fileEncoding = 4; lastKnownFileType = sourcecode.swift; path = HybridModelContext.swift; sourceTree = "<group>"; };
		AD7695FE1B0D00010042CF58 /* VLEMScanner.swift */ = {isa = PBXFileReference; fileEncoding = 4; lastKnownFileType = sourcecode.swift; path = VLEMScanner.swift; sourceTree = "<group>"; };
		AD7696001B0D07D70042CF58 /* VLEMScannerTest.swift */ = {isa = PBXFileReference; fileEncoding = 4; lastKnownFileType = sourcecode.swift; path = VLEMScannerTest.swift; sourceTree = "<group>"; };
		AD7696031B0D11710042CF58 /* VLEMSentenceParseTree.swift */ = {isa = PBXFileReference; fileEncoding = 4; lastKnownFileType = sourcecode.swift; path = VLEMSentenceParseTree.swift; sourceTree = "<group>"; };
		ADC2FA081AF6C848004C1C8A /* Images.xcassets */ = {isa = PBXFileReference; lastKnownFileType = folder.assetcatalog; path = Images.xcassets; sourceTree = "<group>"; };
		ADD8D4631AEC301A00F60815 /* HybridStateModel.swift */ = {isa = PBXFileReference; fileEncoding = 4; lastKnownFileType = sourcecode.swift; path = HybridStateModel.swift; sourceTree = "<group>"; };
		ADEFD5181AFEF365006583DD /* HybridModelJuliaCodeLibrary.swift */ = {isa = PBXFileReference; fileEncoding = 4; lastKnownFileType = sourcecode.swift; path = HybridModelJuliaCodeLibrary.swift; sourceTree = "<group>"; };
/* End PBXFileReference section */

/* Begin PBXFrameworksBuildPhase section */
		AD0903C31AE6607F0078713B /* Frameworks */ = {
			isa = PBXFrameworksBuildPhase;
			buildActionMask = 2147483647;
			files = (
			);
			runOnlyForDeploymentPostprocessing = 0;
		};
		AD0903D51AE6607F0078713B /* Frameworks */ = {
			isa = PBXFrameworksBuildPhase;
			buildActionMask = 2147483647;
			files = (
			);
			runOnlyForDeploymentPostprocessing = 0;
		};
/* End PBXFrameworksBuildPhase section */

/* Begin PBXGroup section */
		AD0903BD1AE6607F0078713B = {
			isa = PBXGroup;
			children = (
				AD0903C81AE6607F0078713B /* HybridModelGenerator */,
				AD0903DB1AE6607F0078713B /* HybridModelGeneratorTests */,
				AD0903C71AE6607F0078713B /* Products */,
			);
			sourceTree = "<group>";
		};
		AD0903C71AE6607F0078713B /* Products */ = {
			isa = PBXGroup;
			children = (
				AD0903C61AE6607F0078713B /* HybridModelGenerator.app */,
				AD0903D81AE6607F0078713B /* HybridModelGeneratorTests.xctest */,
			);
			name = Products;
			sourceTree = "<group>";
		};
		AD0903C81AE6607F0078713B /* HybridModelGenerator */ = {
			isa = PBXGroup;
			children = (
				AD5E6BAA1AE988F8000FDDFA /* model */,
				AD0903E81AE665290078713B /* engine */,
				AD0903CB1AE6607F0078713B /* AppDelegate.swift */,
				AD0903CD1AE6607F0078713B /* ViewController.swift */,
				AD0903D11AE6607F0078713B /* Main.storyboard */,
				ADC2FA081AF6C848004C1C8A /* Images.xcassets */,
				AD0903C91AE6607F0078713B /* Supporting Files */,
			);
			path = HybridModelGenerator;
			sourceTree = "<group>";
		};
		AD0903C91AE6607F0078713B /* Supporting Files */ = {
			isa = PBXGroup;
			children = (
				AD0903CA1AE6607F0078713B /* Info.plist */,
			);
			name = "Supporting Files";
			sourceTree = "<group>";
		};
		AD0903DB1AE6607F0078713B /* HybridModelGeneratorTests */ = {
			isa = PBXGroup;
			children = (
				AD0903DE1AE6607F0078713B /* HybridModelGeneratorTests.swift */,
				AD0903DC1AE6607F0078713B /* Supporting Files */,
				AD7696001B0D07D70042CF58 /* VLEMScannerTest.swift */,
			);
			path = HybridModelGeneratorTests;
			sourceTree = "<group>";
		};
		AD0903DC1AE6607F0078713B /* Supporting Files */ = {
			isa = PBXGroup;
			children = (
				AD0903DD1AE6607F0078713B /* Info.plist */,
			);
			name = "Supporting Files";
			sourceTree = "<group>";
		};
		AD0903E81AE665290078713B /* engine */ = {
			isa = PBXGroup;
			children = (
				AD7695FD1B0CFF760042CF58 /* parser */,
				AD0903E91AE7B2250078713B /* HybridModelGeneratorEngine.swift */,
				AD3E54871AE8251D00C12998 /* HybridModelNaturalLanguageParser.swift */,
				AD3E54891AE8254000C12998 /* HybridModelContext.swift */,
			);
			name = engine;
			sourceTree = "<group>";
		};
		AD5E6BAA1AE988F8000FDDFA /* model */ = {
			isa = PBXGroup;
			children = (
				AD1780021AE9CAF600A09CA0 /* HybridModelOctaveMCodeLibrary.swift */,
				ADD8D4631AEC301A00F60815 /* HybridStateModel.swift */,
				AD32EF801AF2582900E4C433 /* HybridModelReactionModel.swift */,
				ADEFD5181AFEF365006583DD /* HybridModelJuliaCodeLibrary.swift */,
			);
			name = model;
			sourceTree = "<group>";
		};
		AD7695FD1B0CFF760042CF58 /* parser */ = {
			isa = PBXGroup;
			children = (
				AD7695FE1B0D00010042CF58 /* VLEMScanner.swift */,
				AD7696031B0D11710042CF58 /* VLEMSentenceParseTree.swift */,
			);
			name = parser;
			sourceTree = "<group>";
		};
/* End PBXGroup section */

/* Begin PBXNativeTarget section */
		AD0903C51AE6607F0078713B /* HybridModelGenerator */ = {
			isa = PBXNativeTarget;
			buildConfigurationList = AD0903E21AE6607F0078713B /* Build configuration list for PBXNativeTarget "HybridModelGenerator" */;
			buildPhases = (
				AD0903C21AE6607F0078713B /* Sources */,
				AD0903C31AE6607F0078713B /* Frameworks */,
				AD0903C41AE6607F0078713B /* Resources */,
			);
			buildRules = (
			);
			dependencies = (
			);
			name = HybridModelGenerator;
			productName = HybridModelGenerator;
			productReference = AD0903C61AE6607F0078713B /* HybridModelGenerator.app */;
			productType = "com.apple.product-type.application";
		};
		AD0903D71AE6607F0078713B /* HybridModelGeneratorTests */ = {
			isa = PBXNativeTarget;
			buildConfigurationList = AD0903E51AE6607F0078713B /* Build configuration list for PBXNativeTarget "HybridModelGeneratorTests" */;
			buildPhases = (
				AD0903D41AE6607F0078713B /* Sources */,
				AD0903D51AE6607F0078713B /* Frameworks */,
				AD0903D61AE6607F0078713B /* Resources */,
			);
			buildRules = (
			);
			dependencies = (
				AD0903DA1AE6607F0078713B /* PBXTargetDependency */,
			);
			name = HybridModelGeneratorTests;
			productName = HybridModelGeneratorTests;
			productReference = AD0903D81AE6607F0078713B /* HybridModelGeneratorTests.xctest */;
			productType = "com.apple.product-type.bundle.unit-test";
		};
/* End PBXNativeTarget section */

/* Begin PBXProject section */
		AD0903BE1AE6607F0078713B /* Project object */ = {
			isa = PBXProject;
			attributes = {
				LastUpgradeCheck = 0610;
				ORGANIZATIONNAME = Pooksoft;
				TargetAttributes = {
					AD0903C51AE6607F0078713B = {
						CreatedOnToolsVersion = 6.1.1;
					};
					AD0903D71AE6607F0078713B = {
						CreatedOnToolsVersion = 6.1.1;
						TestTargetID = AD0903C51AE6607F0078713B;
					};
				};
			};
			buildConfigurationList = AD0903C11AE6607F0078713B /* Build configuration list for PBXProject "HybridModelGenerator" */;
			compatibilityVersion = "Xcode 3.2";
			developmentRegion = English;
			hasScannedForEncodings = 0;
			knownRegions = (
				en,
				Base,
			);
			mainGroup = AD0903BD1AE6607F0078713B;
			productRefGroup = AD0903C71AE6607F0078713B /* Products */;
			projectDirPath = "";
			projectRoot = "";
			targets = (
				AD0903C51AE6607F0078713B /* HybridModelGenerator */,
				AD0903D71AE6607F0078713B /* HybridModelGeneratorTests */,
			);
		};
/* End PBXProject section */

/* Begin PBXResourcesBuildPhase section */
		AD0903C41AE6607F0078713B /* Resources */ = {
			isa = PBXResourcesBuildPhase;
			buildActionMask = 2147483647;
			files = (
				AD0903D31AE6607F0078713B /* Main.storyboard in Resources */,
				ADC2FA091AF6C848004C1C8A /* Images.xcassets in Resources */,
			);
			runOnlyForDeploymentPostprocessing = 0;
		};
		AD0903D61AE6607F0078713B /* Resources */ = {
			isa = PBXResourcesBuildPhase;
			buildActionMask = 2147483647;
			files = (
			);
			runOnlyForDeploymentPostprocessing = 0;
		};
/* End PBXResourcesBuildPhase section */

/* Begin PBXSourcesBuildPhase section */
		AD0903C21AE6607F0078713B /* Sources */ = {
			isa = PBXSourcesBuildPhase;
			buildActionMask = 2147483647;
			files = (
				AD3E54881AE8251D00C12998 /* HybridModelNaturalLanguageParser.swift in Sources */,
				ADEFD5191AFEF365006583DD /* HybridModelJuliaCodeLibrary.swift in Sources */,
				AD0903CE1AE6607F0078713B /* ViewController.swift in Sources */,
				AD7696041B0D11710042CF58 /* VLEMSentenceParseTree.swift in Sources */,
				AD1780031AE9CAF600A09CA0 /* HybridModelOctaveMCodeLibrary.swift in Sources */,
				AD0903EA1AE7B2250078713B /* HybridModelGeneratorEngine.swift in Sources */,
				AD32EF811AF2582900E4C433 /* HybridModelReactionModel.swift in Sources */,
				ADD8D4641AEC301A00F60815 /* HybridStateModel.swift in Sources */,
				AD3E548A1AE8254000C12998 /* HybridModelContext.swift in Sources */,
				AD7695FF1B0D00020042CF58 /* VLEMScanner.swift in Sources */,
				AD0903CC1AE6607F0078713B /* AppDelegate.swift in Sources */,
			);
			runOnlyForDeploymentPostprocessing = 0;
		};
		AD0903D41AE6607F0078713B /* Sources */ = {
			isa = PBXSourcesBuildPhase;
			buildActionMask = 2147483647;
			files = (
				AD7696021B0D09E20042CF58 /* VLEMScanner.swift in Sources */,
				AD7696011B0D07D70042CF58 /* VLEMScannerTest.swift in Sources */,
				AD7696051B0D11710042CF58 /* VLEMSentenceParseTree.swift in Sources */,
				AD0903DF1AE6607F0078713B /* HybridModelGeneratorTests.swift in Sources */,
			);
			runOnlyForDeploymentPostprocessing = 0;
		};
/* End PBXSourcesBuildPhase section */

/* Begin PBXTargetDependency section */
		AD0903DA1AE6607F0078713B /* PBXTargetDependency */ = {
			isa = PBXTargetDependency;
			target = AD0903C51AE6607F0078713B /* HybridModelGenerator */;
			targetProxy = AD0903D91AE6607F0078713B /* PBXContainerItemProxy */;
		};
/* End PBXTargetDependency section */

/* Begin PBXVariantGroup section */
		AD0903D11AE6607F0078713B /* Main.storyboard */ = {
			isa = PBXVariantGroup;
			children = (
				AD0903D21AE6607F0078713B /* Base */,
			);
			name = Main.storyboard;
			sourceTree = "<group>";
		};
/* End PBXVariantGroup section */

/* Begin XCBuildConfiguration section */
		AD0903E01AE6607F0078713B /* Debug */ = {
			isa = XCBuildConfiguration;
			buildSettings = {
				ALWAYS_SEARCH_USER_PATHS = NO;
				CLANG_CXX_LANGUAGE_STANDARD = "gnu++0x";
				CLANG_CXX_LIBRARY = "libc++";
				CLANG_ENABLE_MODULES = YES;
				CLANG_ENABLE_OBJC_ARC = YES;
				CLANG_WARN_BOOL_CONVERSION = YES;
				CLANG_WARN_CONSTANT_CONVERSION = YES;
				CLANG_WARN_DIRECT_OBJC_ISA_USAGE = YES_ERROR;
				CLANG_WARN_EMPTY_BODY = YES;
				CLANG_WARN_ENUM_CONVERSION = YES;
				CLANG_WARN_INT_CONVERSION = YES;
				CLANG_WARN_OBJC_ROOT_CLASS = YES_ERROR;
				CLANG_WARN_UNREACHABLE_CODE = YES;
				CLANG_WARN__DUPLICATE_METHOD_MATCH = YES;
				CODE_SIGN_IDENTITY = "-";
				COPY_PHASE_STRIP = NO;
				ENABLE_STRICT_OBJC_MSGSEND = YES;
				GCC_C_LANGUAGE_STANDARD = gnu99;
				GCC_DYNAMIC_NO_PIC = NO;
				GCC_OPTIMIZATION_LEVEL = 0;
				GCC_PREPROCESSOR_DEFINITIONS = (
					"DEBUG=1",
					"$(inherited)",
				);
				GCC_SYMBOLS_PRIVATE_EXTERN = NO;
				GCC_WARN_64_TO_32_BIT_CONVERSION = YES;
				GCC_WARN_ABOUT_RETURN_TYPE = YES_ERROR;
				GCC_WARN_UNDECLARED_SELECTOR = YES;
				GCC_WARN_UNINITIALIZED_AUTOS = YES_AGGRESSIVE;
				GCC_WARN_UNUSED_FUNCTION = YES;
				GCC_WARN_UNUSED_VARIABLE = YES;
				MACOSX_DEPLOYMENT_TARGET = 10.10;
				MTL_ENABLE_DEBUG_INFO = YES;
				ONLY_ACTIVE_ARCH = YES;
				SDKROOT = macosx;
				SWIFT_OPTIMIZATION_LEVEL = "-Onone";
			};
			name = Debug;
		};
		AD0903E11AE6607F0078713B /* Release */ = {
			isa = XCBuildConfiguration;
			buildSettings = {
				ALWAYS_SEARCH_USER_PATHS = NO;
				CLANG_CXX_LANGUAGE_STANDARD = "gnu++0x";
				CLANG_CXX_LIBRARY = "libc++";
				CLANG_ENABLE_MODULES = YES;
				CLANG_ENABLE_OBJC_ARC = YES;
				CLANG_WARN_BOOL_CONVERSION = YES;
				CLANG_WARN_CONSTANT_CONVERSION = YES;
				CLANG_WARN_DIRECT_OBJC_ISA_USAGE = YES_ERROR;
				CLANG_WARN_EMPTY_BODY = YES;
				CLANG_WARN_ENUM_CONVERSION = YES;
				CLANG_WARN_INT_CONVERSION = YES;
				CLANG_WARN_OBJC_ROOT_CLASS = YES_ERROR;
				CLANG_WARN_UNREACHABLE_CODE = YES;
				CLANG_WARN__DUPLICATE_METHOD_MATCH = YES;
				CODE_SIGN_IDENTITY = "-";
				COPY_PHASE_STRIP = YES;
				DEBUG_INFORMATION_FORMAT = "dwarf-with-dsym";
				ENABLE_NS_ASSERTIONS = NO;
				ENABLE_STRICT_OBJC_MSGSEND = YES;
				GCC_C_LANGUAGE_STANDARD = gnu99;
				GCC_WARN_64_TO_32_BIT_CONVERSION = YES;
				GCC_WARN_ABOUT_RETURN_TYPE = YES_ERROR;
				GCC_WARN_UNDECLARED_SELECTOR = YES;
				GCC_WARN_UNINITIALIZED_AUTOS = YES_AGGRESSIVE;
				GCC_WARN_UNUSED_FUNCTION = YES;
				GCC_WARN_UNUSED_VARIABLE = YES;
				MACOSX_DEPLOYMENT_TARGET = 10.10;
				MTL_ENABLE_DEBUG_INFO = NO;
				SDKROOT = macosx;
			};
			name = Release;
		};
		AD0903E31AE6607F0078713B /* Debug */ = {
			isa = XCBuildConfiguration;
			buildSettings = {
				ASSETCATALOG_COMPILER_APPICON_NAME = AppIcon;
				COMBINE_HIDPI_IMAGES = YES;
				INFOPLIST_FILE = HybridModelGenerator/Info.plist;
				LD_RUNPATH_SEARCH_PATHS = "$(inherited) @executable_path/../Frameworks";
				PRODUCT_NAME = "$(TARGET_NAME)";
			};
			name = Debug;
		};
		AD0903E41AE6607F0078713B /* Release */ = {
			isa = XCBuildConfiguration;
			buildSettings = {
				ASSETCATALOG_COMPILER_APPICON_NAME = AppIcon;
				COMBINE_HIDPI_IMAGES = YES;
				INFOPLIST_FILE = HybridModelGenerator/Info.plist;
				LD_RUNPATH_SEARCH_PATHS = "$(inherited) @executable_path/../Frameworks";
				PRODUCT_NAME = "$(TARGET_NAME)";
			};
			name = Release;
		};
		AD0903E61AE6607F0078713B /* Debug */ = {
			isa = XCBuildConfiguration;
			buildSettings = {
				BUNDLE_LOADER = "$(TEST_HOST)";
				COMBINE_HIDPI_IMAGES = YES;
				FRAMEWORK_SEARCH_PATHS = (
					"$(DEVELOPER_FRAMEWORKS_DIR)",
					"$(inherited)",
				);
				GCC_PREPROCESSOR_DEFINITIONS = (
					"DEBUG=1",
					"$(inherited)",
				);
				INFOPLIST_FILE = HybridModelGeneratorTests/Info.plist;
				LD_RUNPATH_SEARCH_PATHS = "$(inherited) @executable_path/../Frameworks @loader_path/../Frameworks";
				New_Setting = "";
				PRODUCT_NAME = "$(TARGET_NAME)";
				TEST_HOST = "$(BUILT_PRODUCTS_DIR)/HybridModelGenerator.app/Contents/MacOS/HybridModelGenerator";
			};
			name = Debug;
		};
		AD0903E71AE6607F0078713B /* Release */ = {
			isa = XCBuildConfiguration;
			buildSettings = {
				BUNDLE_LOADER = "$(TEST_HOST)";
				COMBINE_HIDPI_IMAGES = YES;
				FRAMEWORK_SEARCH_PATHS = (
					"$(DEVELOPER_FRAMEWORKS_DIR)",
					"$(inherited)",
				);
				INFOPLIST_FILE = HybridModelGeneratorTests/Info.plist;
				LD_RUNPATH_SEARCH_PATHS = "$(inherited) @executable_path/../Frameworks @loader_path/../Frameworks";
				New_Setting = "";
				PRODUCT_NAME = "$(TARGET_NAME)";
				TEST_HOST = "$(BUILT_PRODUCTS_DIR)/HybridModelGenerator.app/Contents/MacOS/HybridModelGenerator";
			};
			name = Release;
		};
/* End XCBuildConfiguration section */

/* Begin XCConfigurationList section */
		AD0903C11AE6607F0078713B /* Build configuration list for PBXProject "HybridModelGenerator" */ = {
			isa = XCConfigurationList;
			buildConfigurations = (
				AD0903E01AE6607F0078713B /* Debug */,
				AD0903E11AE6607F0078713B /* Release */,
			);
			defaultConfigurationIsVisible = 0;
			defaultConfigurationName = Release;
		};
		AD0903E21AE6607F0078713B /* Build configuration list for PBXNativeTarget "HybridModelGenerator" */ = {
			isa = XCConfigurationList;
			buildConfigurations = (
				AD0903E31AE6607F0078713B /* Debug */,
				AD0903E41AE6607F0078713B /* Release */,
			);
			defaultConfigurationIsVisible = 0;
			defaultConfigurationName = Release;
		};
		AD0903E51AE6607F0078713B /* Build configuration list for PBXNativeTarget "HybridModelGeneratorTests" */ = {
			isa = XCConfigurationList;
			buildConfigurations = (
				AD0903E61AE6607F0078713B /* Debug */,
				AD0903E71AE6607F0078713B /* Release */,
			);
			defaultConfigurationIsVisible = 0;
			defaultConfigurationName = Release;
		};
/* End XCConfigurationList section */
	};
	rootObject = AD0903BE1AE6607F0078713B /* Project object */;
}
